
Microsoft Visual Studio Solution File, Format Version 12.00
# Visual Studio Version 17
VisualStudioVersion = 17.5.001.0
MinimumVisualStudioVersion = 10.0.40219.1
Project("{9A19103F-16F7-4668-BE54-9A1E7A4F7556}") = "teste", "teste.csproj", "{B35A4423-0A4C-4676-A277-F4CD1B73AD8C}"
EndProject
Global
	GlobalSection(SolutionConfigurationPlatforms) = preSolution
		Debug|Any CPU = Debug|Any CPU
		Release|Any CPU = Release|Any CPU
	EndGlobalSection
	GlobalSection(ProjectConfigurationPlatforms) = postSolution
		{B35A4423-0A4C-4676-A277-F4CD1B73AD8C}.Debug|Any CPU.ActiveCfg = Debug|Any CPU
		{B35A4423-0A4C-4676-A277-F4CD1B73AD8C}.Debug|Any CPU.Build.0 = Debug|Any CPU
		{B35A4423-0A4C-4676-A277-F4CD1B73AD8C}.Release|Any CPU.ActiveCfg = Release|Any CPU
		{B35A4423-0A4C-4676-A277-F4CD1B73AD8C}.Release|Any CPU.Build.0 = Release|Any CPU
	EndGlobalSection
	GlobalSection(SolutionProperties) = preSolution
		HideSolutionNode = FALSE
	EndGlobalSection
	GlobalSection(ExtensibilityGlobals) = postSolution
		SolutionGuid = {B319AB2B-4C80-48BE-BF2A-A1ACE6A93FE2}
	EndGlobalSection
EndGlobal
